{
  "name": "eslint-config-adpyke-react",
  "version": "1.2.8",
  "lockfileVersion": 1,
  "requires": true,
  "dependencies": {
    "eslint-config-adpyke-es6": {
      "version": "1.4.9",
      "resolved": "https://registry.npmjs.org/eslint-config-adpyke-es6/-/eslint-config-adpyke-es6-1.4.9.tgz",
      "integrity": "sha512-ujEoaveR7BEY0bdFNxR2YgqthsuW/5M297WvYJOHjeoz5APIWGcnvaUKuMpvJHwVOqvRfWF5Nb0/1eepdsZPOw=="
    }
  }
}
