{
  "name": "eslint-config-adpyke-react",
  "version": "1.2.6",
  "lockfileVersion": 1,
  "requires": true,
  "dependencies": {
    "eslint-config-adpyke-es6": {
      "version": "1.4.8",
      "resolved": "https://registry.npmjs.org/eslint-config-adpyke-es6/-/eslint-config-adpyke-es6-1.4.8.tgz",
      "integrity": "sha512-WOICxL0mdfVAjE1kpffoJLtRCX8on55SsmI1rctI+mir8HKE6L8AGoC68fR70h8IZEl8MMBkJO+SHOCRKzvEvA=="
    }
  }
}
