{
  "name": "eslint-config-adpyke-react",
  "version": "1.2.5",
  "lockfileVersion": 1,
  "requires": true,
  "dependencies": {
    "eslint-config-adpyke-es6": {
      "version": "1.4.6",
      "resolved": "https://registry.npmjs.org/eslint-config-adpyke-es6/-/eslint-config-adpyke-es6-1.4.6.tgz",
      "integrity": "sha512-UaADcwmNOWsxD4HJ3p3O2BJrTx75Qt4qIUKWlME7RWS4/7BUcgjrd+b2VjCW0O5vKxYF85Dgy94EepPRml5uoQ=="
    }
  }
}
